
Microsoft Visual Studio Solution File, Format Version 12.00
# Visual Studio Version 17
VisualStudioVersion = 17.0.31903.59
MinimumVisualStudioVersion = 10.0.40219.1
Project("{2150E333-8FDC-42A3-9474-1A3956D46DE8}") = "src", "src", "{D9131887-744D-426E-BEBE-E4E4E41F7BB5}"
EndProject
Project("{9A19103F-16F7-4668-BE54-9A1E7A4F7556}") = "WeLudic.PublicApi", "src\WeLudic.PublicApi\WeLudic.PublicApi.csproj", "{F9861F68-27CB-4A60-AEC4-E62904D2FB3C}"
EndProject
Project("{9A19103F-16F7-4668-BE54-9A1E7A4F7556}") = "WeLudic.Application", "src\WeLudic.Application\WeLudic.Application.csproj", "{D27AB404-0CCB-46CA-B879-4D97D6476818}"
EndProject
Project("{9A19103F-16F7-4668-BE54-9A1E7A4F7556}") = "WeLudic.Domain", "src\WeLudic.Domain\WeLudic.Domain.csproj", "{F774B415-116E-4CD5-884C-B07459D88CD0}"
EndProject
Project("{9A19103F-16F7-4668-BE54-9A1E7A4F7556}") = "WeLudic.Infrastructure", "src\WeLudic.Infrastructure\WeLudic.Infrastructure.csproj", "{22817D73-A252-4B00-A9D4-65B5983A39D8}"
EndProject
Project("{9A19103F-16F7-4668-BE54-9A1E7A4F7556}") = "WeLudic.Shared", "src\WeLudic.Shared\WeLudic.Shared.csproj", "{2F4CE6C7-04CA-4765-93F9-B8C2DD1D0079}"
EndProject
Project("{2150E333-8FDC-42A3-9474-1A3956D46DE8}") = "Solution Items", "Solution Items", "{8BAF6E0F-F917-4F10-A844-59582B67FFA7}"
	ProjectSection(SolutionItems) = preProject
		.editorconfig = .editorconfig
		.gitattributes = .gitattributes
		.gitignore = .gitignore
		Directory.Build.props = Directory.Build.props
		docker-compose.yml = docker-compose.yml
		global.json = global.json
		README.md = README.md
	EndProjectSection
EndProject
Project("{2150E333-8FDC-42A3-9474-1A3956D46DE8}") = "tests", "tests", "{A52788E4-65F8-4695-BD66-C00A422E29E1}"
EndProject
Project("{9A19103F-16F7-4668-BE54-9A1E7A4F7556}") = "WeLudic.Tests", "tests\WeLudic.Tests\WeLudic.Tests.csproj", "{875DA946-51D4-440D-A4B7-AB7A785661D3}"
EndProject
Global
	GlobalSection(SolutionConfigurationPlatforms) = preSolution
		Debug|Any CPU = Debug|Any CPU
		Release|Any CPU = Release|Any CPU
	EndGlobalSection
	GlobalSection(ProjectConfigurationPlatforms) = postSolution
		{F9861F68-27CB-4A60-AEC4-E62904D2FB3C}.Debug|Any CPU.ActiveCfg = Debug|Any CPU
		{F9861F68-27CB-4A60-AEC4-E62904D2FB3C}.Debug|Any CPU.Build.0 = Debug|Any CPU
		{F9861F68-27CB-4A60-AEC4-E62904D2FB3C}.Release|Any CPU.ActiveCfg = Release|Any CPU
		{F9861F68-27CB-4A60-AEC4-E62904D2FB3C}.Release|Any CPU.Build.0 = Release|Any CPU
		{D27AB404-0CCB-46CA-B879-4D97D6476818}.Debug|Any CPU.ActiveCfg = Debug|Any CPU
		{D27AB404-0CCB-46CA-B879-4D97D6476818}.Debug|Any CPU.Build.0 = Debug|Any CPU
		{D27AB404-0CCB-46CA-B879-4D97D6476818}.Release|Any CPU.ActiveCfg = Release|Any CPU
		{D27AB404-0CCB-46CA-B879-4D97D6476818}.Release|Any CPU.Build.0 = Release|Any CPU
		{F774B415-116E-4CD5-884C-B07459D88CD0}.Debug|Any CPU.ActiveCfg = Debug|Any CPU
		{F774B415-116E-4CD5-884C-B07459D88CD0}.Debug|Any CPU.Build.0 = Debug|Any CPU
		{F774B415-116E-4CD5-884C-B07459D88CD0}.Release|Any CPU.ActiveCfg = Release|Any CPU
		{F774B415-116E-4CD5-884C-B07459D88CD0}.Release|Any CPU.Build.0 = Release|Any CPU
		{22817D73-A252-4B00-A9D4-65B5983A39D8}.Debug|Any CPU.ActiveCfg = Debug|Any CPU
		{22817D73-A252-4B00-A9D4-65B5983A39D8}.Debug|Any CPU.Build.0 = Debug|Any CPU
		{22817D73-A252-4B00-A9D4-65B5983A39D8}.Release|Any CPU.ActiveCfg = Release|Any CPU
		{22817D73-A252-4B00-A9D4-65B5983A39D8}.Release|Any CPU.Build.0 = Release|Any CPU
		{2F4CE6C7-04CA-4765-93F9-B8C2DD1D0079}.Debug|Any CPU.ActiveCfg = Debug|Any CPU
		{2F4CE6C7-04CA-4765-93F9-B8C2DD1D0079}.Debug|Any CPU.Build.0 = Debug|Any CPU
		{2F4CE6C7-04CA-4765-93F9-B8C2DD1D0079}.Release|Any CPU.ActiveCfg = Release|Any CPU
		{2F4CE6C7-04CA-4765-93F9-B8C2DD1D0079}.Release|Any CPU.Build.0 = Release|Any CPU
		{875DA946-51D4-440D-A4B7-AB7A785661D3}.Debug|Any CPU.ActiveCfg = Debug|Any CPU
		{875DA946-51D4-440D-A4B7-AB7A785661D3}.Debug|Any CPU.Build.0 = Debug|Any CPU
		{875DA946-51D4-440D-A4B7-AB7A785661D3}.Release|Any CPU.ActiveCfg = Release|Any CPU
		{875DA946-51D4-440D-A4B7-AB7A785661D3}.Release|Any CPU.Build.0 = Release|Any CPU
	EndGlobalSection
	GlobalSection(SolutionProperties) = preSolution
		HideSolutionNode = FALSE
	EndGlobalSection
	GlobalSection(NestedProjects) = preSolution
		{F9861F68-27CB-4A60-AEC4-E62904D2FB3C} = {D9131887-744D-426E-BEBE-E4E4E41F7BB5}
		{D27AB404-0CCB-46CA-B879-4D97D6476818} = {D9131887-744D-426E-BEBE-E4E4E41F7BB5}
		{F774B415-116E-4CD5-884C-B07459D88CD0} = {D9131887-744D-426E-BEBE-E4E4E41F7BB5}
		{22817D73-A252-4B00-A9D4-65B5983A39D8} = {D9131887-744D-426E-BEBE-E4E4E41F7BB5}
		{2F4CE6C7-04CA-4765-93F9-B8C2DD1D0079} = {D9131887-744D-426E-BEBE-E4E4E41F7BB5}
		{875DA946-51D4-440D-A4B7-AB7A785661D3} = {A52788E4-65F8-4695-BD66-C00A422E29E1}
	EndGlobalSection
	GlobalSection(ExtensibilityGlobals) = postSolution
		SolutionGuid = {B683A6EC-F72D-423C-A71A-7EFF2261F269}
	EndGlobalSection
EndGlobal
